// !$*UTF8*$!
{
	archiveVersion = 1;
	classes = {
	};
	objectVersion = 55;
	objects = {

/* Begin PBXBuildFile section */
		C614CE9428C96B7A008C5060 /* AppDelegate.swift in Sources */ = {isa = PBXBuildFile; fileRef = C614CE9328C96B7A008C5060 /* AppDelegate.swift */; };
		C614CE9628C96B7A008C5060 /* SceneDelegate.swift in Sources */ = {isa = PBXBuildFile; fileRef = C614CE9528C96B7A008C5060 /* SceneDelegate.swift */; };
		C614CE9828C96B7A008C5060 /* ViewController.swift in Sources */ = {isa = PBXBuildFile; fileRef = C614CE9728C96B7A008C5060 /* ViewController.swift */; };
		C614CE9B28C96B7A008C5060 /* Main.storyboard in Resources */ = {isa = PBXBuildFile; fileRef = C614CE9928C96B7A008C5060 /* Main.storyboard */; };
		C614CE9D28C96B7D008C5060 /* Assets.xcassets in Resources */ = {isa = PBXBuildFile; fileRef = C614CE9C28C96B7D008C5060 /* Assets.xcassets */; };
		C614CEA028C96B7D008C5060 /* LaunchScreen.storyboard in Resources */ = {isa = PBXBuildFile; fileRef = C614CE9E28C96B7D008C5060 /* LaunchScreen.storyboard */; };
		C614CEA828C96BED008C5060 /* TableViewCell.swift in Sources */ = {isa = PBXBuildFile; fileRef = C614CEA728C96BED008C5060 /* TableViewCell.swift */; };
		C614CEAA28C96C1C008C5060 /* ViewController2.swift in Sources */ = {isa = PBXBuildFile; fileRef = C614CEA928C96C1C008C5060 /* ViewController2.swift */; };
		C69C0B7628C9780E00B232FD /* ViewController3.swift in Sources */ = {isa = PBXBuildFile; fileRef = C69C0B7528C9780E00B232FD /* ViewController3.swift */; };
		C69C0B7828C9821500B232FD /* SingIN.swift in Sources */ = {isa = PBXBuildFile; fileRef = C69C0B7728C9821500B232FD /* SingIN.swift */; };
		C69C0B7A28C986C700B232FD /* GoogleService-Info.plist in Resources */ = {isa = PBXBuildFile; fileRef = C69C0B7928C986C700B232FD /* GoogleService-Info.plist */; };
		C69C0B7D28C9881700B232FD /* FirebaseAuth in Frameworks */ = {isa = PBXBuildFile; productRef = C69C0B7C28C9881700B232FD /* FirebaseAuth */; };
		C69C0B7F28C9881700B232FD /* FirebaseDatabase in Frameworks */ = {isa = PBXBuildFile; productRef = C69C0B7E28C9881700B232FD /* FirebaseDatabase */; };
		C69C0B8128C9881700B232FD /* FirebaseFirestore in Frameworks */ = {isa = PBXBuildFile; productRef = C69C0B8028C9881700B232FD /* FirebaseFirestore */; };
		C69C0B8328C9881700B232FD /* FirebaseStorage in Frameworks */ = {isa = PBXBuildFile; productRef = C69C0B8228C9881700B232FD /* FirebaseStorage */; };
/* End PBXBuildFile section */

/* Begin PBXFileReference section */
		C614CE9028C96B7A008C5060 /* ContesAp.app */ = {isa = PBXFileReference; explicitFileType = wrapper.application; includeInIndex = 0; path = ContesAp.app; sourceTree = BUILT_PRODUCTS_DIR; };
		C614CE9328C96B7A008C5060 /* AppDelegate.swift */ = {isa = PBXFileReference; lastKnownFileType = sourcecode.swift; path = AppDelegate.swift; sourceTree = "<group>"; };
		C614CE9528C96B7A008C5060 /* SceneDelegate.swift */ = {isa = PBXFileReference; lastKnownFileType = sourcecode.swift; path = SceneDelegate.swift; sourceTree = "<group>"; };
		C614CE9728C96B7A008C5060 /* ViewController.swift */ = {isa = PBXFileReference; lastKnownFileType = sourcecode.swift; path = ViewController.swift; sourceTree = "<group>"; };
		C614CE9A28C96B7A008C5060 /* Base */ = {isa = PBXFileReference; lastKnownFileType = file.storyboard; name = Base; path = Base.lproj/Main.storyboard; sourceTree = "<group>"; };
		C614CE9C28C96B7D008C5060 /* Assets.xcassets */ = {isa = PBXFileReference; lastKnownFileType = folder.assetcatalog; path = Assets.xcassets; sourceTree = "<group>"; };
		C614CE9F28C96B7D008C5060 /* Base */ = {isa = PBXFileReference; lastKnownFileType = file.storyboard; name = Base; path = Base.lproj/LaunchScreen.storyboard; sourceTree = "<group>"; };
		C614CEA128C96B7D008C5060 /* Info.plist */ = {isa = PBXFileReference; lastKnownFileType = text.plist.xml; path = Info.plist; sourceTree = "<group>"; };
		C614CEA728C96BED008C5060 /* TableViewCell.swift */ = {isa = PBXFileReference; lastKnownFileType = sourcecode.swift; path = TableViewCell.swift; sourceTree = "<group>"; };
		C614CEA928C96C1C008C5060 /* ViewController2.swift */ = {isa = PBXFileReference; lastKnownFileType = sourcecode.swift; path = ViewController2.swift; sourceTree = "<group>"; };
		C69C0B7528C9780E00B232FD /* ViewController3.swift */ = {isa = PBXFileReference; lastKnownFileType = sourcecode.swift; path = ViewController3.swift; sourceTree = "<group>"; };
		C69C0B7728C9821500B232FD /* SingIN.swift */ = {isa = PBXFileReference; lastKnownFileType = sourcecode.swift; path = SingIN.swift; sourceTree = "<group>"; };
		C69C0B7928C986C700B232FD /* GoogleService-Info.plist */ = {isa = PBXFileReference; fileEncoding = 4; lastKnownFileType = text.plist.xml; path = "GoogleService-Info.plist"; sourceTree = "<group>"; };
/* End PBXFileReference section */

/* Begin PBXFrameworksBuildPhase section */
		C614CE8D28C96B7A008C5060 /* Frameworks */ = {
			isa = PBXFrameworksBuildPhase;
			buildActionMask = 2147483647;
			files = (
				C69C0B7F28C9881700B232FD /* FirebaseDatabase in Frameworks */,
				C69C0B8328C9881700B232FD /* FirebaseStorage in Frameworks */,
				C69C0B7D28C9881700B232FD /* FirebaseAuth in Frameworks */,
				C69C0B8128C9881700B232FD /* FirebaseFirestore in Frameworks */,
			);
			runOnlyForDeploymentPostprocessing = 0;
		};
/* End PBXFrameworksBuildPhase section */

/* Begin PBXGroup section */
		C614CE8728C96B7A008C5060 = {
			isa = PBXGroup;
			children = (
				C614CE9228C96B7A008C5060 /* ContesAp */,
				C614CE9128C96B7A008C5060 /* Products */,
			);
			sourceTree = "<group>";
		};
		C614CE9128C96B7A008C5060 /* Products */ = {
			isa = PBXGroup;
			children = (
				C614CE9028C96B7A008C5060 /* ContesAp.app */,
			);
			name = Products;
			sourceTree = "<group>";
		};
		C614CE9228C96B7A008C5060 /* ContesAp */ = {
			isa = PBXGroup;
			children = (
				C614CE9328C96B7A008C5060 /* AppDelegate.swift */,
				C614CE9528C96B7A008C5060 /* SceneDelegate.swift */,
				C614CE9728C96B7A008C5060 /* ViewController.swift */,
				C614CE9928C96B7A008C5060 /* Main.storyboard */,
				C69C0B7728C9821500B232FD /* SingIN.swift */,
				C69C0B7528C9780E00B232FD /* ViewController3.swift */,
				C614CEA928C96C1C008C5060 /* ViewController2.swift */,
				C614CEA728C96BED008C5060 /* TableViewCell.swift */,
				C614CE9C28C96B7D008C5060 /* Assets.xcassets */,
				C614CE9E28C96B7D008C5060 /* LaunchScreen.storyboard */,
				C614CEA128C96B7D008C5060 /* Info.plist */,
				C69C0B7928C986C700B232FD /* GoogleService-Info.plist */,
			);
			path = ContesAp;
			sourceTree = "<group>";
		};
/* End PBXGroup section */

/* Begin PBXNativeTarget section */
		C614CE8F28C96B7A008C5060 /* ContesAp */ = {
			isa = PBXNativeTarget;
			buildConfigurationList = C614CEA428C96B7D008C5060 /* Build configuration list for PBXNativeTarget "ContesAp" */;
			buildPhases = (
				C614CE8C28C96B7A008C5060 /* Sources */,
				C614CE8D28C96B7A008C5060 /* Frameworks */,
				C614CE8E28C96B7A008C5060 /* Resources */,
			);
			buildRules = (
			);
			dependencies = (
			);
			name = ContesAp;
			packageProductDependencies = (
				C69C0B7C28C9881700B232FD /* FirebaseAuth */,
				C69C0B7E28C9881700B232FD /* FirebaseDatabase */,
				C69C0B8028C9881700B232FD /* FirebaseFirestore */,
				C69C0B8228C9881700B232FD /* FirebaseStorage */,
			);
			productName = ContesAp;
			productReference = C614CE9028C96B7A008C5060 /* ContesAp.app */;
			productType = "com.apple.product-type.application";
		};
/* End PBXNativeTarget section */

/* Begin PBXProject section */
		C614CE8828C96B7A008C5060 /* Project object */ = {
			isa = PBXProject;
			attributes = {
				BuildIndependentTargetsInParallel = 1;
				LastSwiftUpdateCheck = 1340;
				LastUpgradeCheck = 1340;
				TargetAttributes = {
					C614CE8F28C96B7A008C5060 = {
						CreatedOnToolsVersion = 13.4.1;
					};
				};
			};
			buildConfigurationList = C614CE8B28C96B7A008C5060 /* Build configuration list for PBXProject "ContesAp" */;
			compatibilityVersion = "Xcode 13.0";
			developmentRegion = en;
			hasScannedForEncodings = 0;
			knownRegions = (
				en,
				Base,
			);
			mainGroup = C614CE8728C96B7A008C5060;
			packageReferences = (
				C69C0B7B28C9881700B232FD /* XCRemoteSwiftPackageReference "firebase-ios-sdk" */,
			);
			productRefGroup = C614CE9128C96B7A008C5060 /* Products */;
			projectDirPath = "";
			projectRoot = "";
			targets = (
				C614CE8F28C96B7A008C5060 /* ContesAp */,
			);
		};
/* End PBXProject section */

/* Begin PBXResourcesBuildPhase section */
		C614CE8E28C96B7A008C5060 /* Resources */ = {
			isa = PBXResourcesBuildPhase;
			buildActionMask = 2147483647;
			files = (
				C614CEA028C96B7D008C5060 /* LaunchScreen.storyboard in Resources */,
				C69C0B7A28C986C700B232FD /* GoogleService-Info.plist in Resources */,
				C614CE9D28C96B7D008C5060 /* Assets.xcassets in Resources */,
				C614CE9B28C96B7A008C5060 /* Main.storyboard in Resources */,
			);
			runOnlyForDeploymentPostprocessing = 0;
		};
/* End PBXResourcesBuildPhase section */

/* Begin PBXSourcesBuildPhase section */
		C614CE8C28C96B7A008C5060 /* Sources */ = {
			isa = PBXSourcesBuildPhase;
			buildActionMask = 2147483647;
			files = (
				C614CEAA28C96C1C008C5060 /* ViewController2.swift in Sources */,
				C614CE9828C96B7A008C5060 /* ViewController.swift in Sources */,
				C69C0B7628C9780E00B232FD /* ViewController3.swift in Sources */,
				C614CEA828C96BED008C5060 /* TableViewCell.swift in Sources */,
				C614CE9428C96B7A008C5060 /* AppDelegate.swift in Sources */,
				C69C0B7828C9821500B232FD /* SingIN.swift in Sources */,
				C614CE9628C96B7A008C5060 /* SceneDelegate.swift in Sources */,
			);
			runOnlyForDeploymentPostprocessing = 0;
		};
/* End PBXSourcesBuildPhase section */

/* Begin PBXVariantGroup section */
		C614CE9928C96B7A008C5060 /* Main.storyboard */ = {
			isa = PBXVariantGroup;
			children = (
				C614CE9A28C96B7A008C5060 /* Base */,
			);
			name = Main.storyboard;
			sourceTree = "<group>";
		};
		C614CE9E28C96B7D008C5060 /* LaunchScreen.storyboard */ = {
			isa = PBXVariantGroup;
			children = (
				C614CE9F28C96B7D008C5060 /* Base */,
			);
			name = LaunchScreen.storyboard;
			sourceTree = "<group>";
		};
/* End PBXVariantGroup section */

/* Begin XCBuildConfiguration section */
		C614CEA228C96B7D008C5060 /* Debug */ = {
			isa = XCBuildConfiguration;
			buildSettings = {
				ALWAYS_SEARCH_USER_PATHS = NO;
				CLANG_ANALYZER_NONNULL = YES;
				CLANG_ANALYZER_NUMBER_OBJECT_CONVERSION = YES_AGGRESSIVE;
				CLANG_CXX_LANGUAGE_STANDARD = "gnu++17";
				CLANG_ENABLE_MODULES = YES;
				CLANG_ENABLE_OBJC_ARC = YES;
				CLANG_ENABLE_OBJC_WEAK = YES;
				CLANG_WARN_BLOCK_CAPTURE_AUTORELEASING = YES;
				CLANG_WARN_BOOL_CONVERSION = YES;
				CLANG_WARN_COMMA = YES;
				CLANG_WARN_CONSTANT_CONVERSION = YES;
				CLANG_WARN_DEPRECATED_OBJC_IMPLEMENTATIONS = YES;
				CLANG_WARN_DIRECT_OBJC_ISA_USAGE = YES_ERROR;
				CLANG_WARN_DOCUMENTATION_COMMENTS = YES;
				CLANG_WARN_EMPTY_BODY = YES;
				CLANG_WARN_ENUM_CONVERSION = YES;
				CLANG_WARN_INFINITE_RECURSION = YES;
				CLANG_WARN_INT_CONVERSION = YES;
				CLANG_WARN_NON_LITERAL_NULL_CONVERSION = YES;
				CLANG_WARN_OBJC_IMPLICIT_RETAIN_SELF = YES;
				CLANG_WARN_OBJC_LITERAL_CONVERSION = YES;
				CLANG_WARN_OBJC_ROOT_CLASS = YES_ERROR;
				CLANG_WARN_QUOTED_INCLUDE_IN_FRAMEWORK_HEADER = YES;
				CLANG_WARN_RANGE_LOOP_ANALYSIS = YES;
				CLANG_WARN_STRICT_PROTOTYPES = YES;
				CLANG_WARN_SUSPICIOUS_MOVE = YES;
				CLANG_WARN_UNGUARDED_AVAILABILITY = YES_AGGRESSIVE;
				CLANG_WARN_UNREACHABLE_CODE = YES;
				CLANG_WARN__DUPLICATE_METHOD_MATCH = YES;
				COPY_PHASE_STRIP = NO;
				DEBUG_INFORMATION_FORMAT = dwarf;
				ENABLE_STRICT_OBJC_MSGSEND = YES;
				ENABLE_TESTABILITY = YES;
				GCC_C_LANGUAGE_STANDARD = gnu11;
				GCC_DYNAMIC_NO_PIC = NO;
				GCC_NO_COMMON_BLOCKS = YES;
				GCC_OPTIMIZATION_LEVEL = 0;
				GCC_PREPROCESSOR_DEFINITIONS = (
					"DEBUG=1",
					"$(inherited)",
				);
				GCC_WARN_64_TO_32_BIT_CONVERSION = YES;
				GCC_WARN_ABOUT_RETURN_TYPE = YES_ERROR;
				GCC_WARN_UNDECLARED_SELECTOR = YES;
				GCC_WARN_UNINITIALIZED_AUTOS = YES_AGGRESSIVE;
				GCC_WARN_UNUSED_FUNCTION = YES;
				GCC_WARN_UNUSED_VARIABLE = YES;
				IPHONEOS_DEPLOYMENT_TARGET = 15.5;
				MTL_ENABLE_DEBUG_INFO = INCLUDE_SOURCE;
				MTL_FAST_MATH = YES;
				ONLY_ACTIVE_ARCH = YES;
				SDKROOT = iphoneos;
				SWIFT_ACTIVE_COMPILATION_CONDITIONS = DEBUG;
				SWIFT_OPTIMIZATION_LEVEL = "-Onone";
			};
			name = Debug;
		};
		C614CEA328C96B7D008C5060 /* Release */ = {
			isa = XCBuildConfiguration;
			buildSettings = {
				ALWAYS_SEARCH_USER_PATHS = NO;
				CLANG_ANALYZER_NONNULL = YES;
				CLANG_ANALYZER_NUMBER_OBJECT_CONVERSION = YES_AGGRESSIVE;
				CLANG_CXX_LANGUAGE_STANDARD = "gnu++17";
				CLANG_ENABLE_MODULES = YES;
				CLANG_ENABLE_OBJC_ARC = YES;
				CLANG_ENABLE_OBJC_WEAK = YES;
				CLANG_WARN_BLOCK_CAPTURE_AUTORELEASING = YES;
				CLANG_WARN_BOOL_CONVERSION = YES;
				CLANG_WARN_COMMA = YES;
				CLANG_WARN_CONSTANT_CONVERSION = YES;
				CLANG_WARN_DEPRECATED_OBJC_IMPLEMENTATIONS = YES;
				CLANG_WARN_DIRECT_OBJC_ISA_USAGE = YES_ERROR;
				CLANG_WARN_DOCUMENTATION_COMMENTS = YES;
				CLANG_WARN_EMPTY_BODY = YES;
				CLANG_WARN_ENUM_CONVERSION = YES;
				CLANG_WARN_INFINITE_RECURSION = YES;
				CLANG_WARN_INT_CONVERSION = YES;
				CLANG_WARN_NON_LITERAL_NULL_CONVERSION = YES;
				CLANG_WARN_OBJC_IMPLICIT_RETAIN_SELF = YES;
				CLANG_WARN_OBJC_LITERAL_CONVERSION = YES;
				CLANG_WARN_OBJC_ROOT_CLASS = YES_ERROR;
				CLANG_WARN_QUOTED_INCLUDE_IN_FRAMEWORK_HEADER = YES;
				CLANG_WARN_RANGE_LOOP_ANALYSIS = YES;
				CLANG_WARN_STRICT_PROTOTYPES = YES;
				CLANG_WARN_SUSPICIOUS_MOVE = YES;
				CLANG_WARN_UNGUARDED_AVAILABILITY = YES_AGGRESSIVE;
				CLANG_WARN_UNREACHABLE_CODE = YES;
				CLANG_WARN__DUPLICATE_METHOD_MATCH = YES;
				COPY_PHASE_STRIP = NO;
				DEBUG_INFORMATION_FORMAT = "dwarf-with-dsym";
				ENABLE_NS_ASSERTIONS = NO;
				ENABLE_STRICT_OBJC_MSGSEND = YES;
				GCC_C_LANGUAGE_STANDARD = gnu11;
				GCC_NO_COMMON_BLOCKS = YES;
				GCC_WARN_64_TO_32_BIT_CONVERSION = YES;
				GCC_WARN_ABOUT_RETURN_TYPE = YES_ERROR;
				GCC_WARN_UNDECLARED_SELECTOR = YES;
				GCC_WARN_UNINITIALIZED_AUTOS = YES_AGGRESSIVE;
				GCC_WARN_UNUSED_FUNCTION = YES;
				GCC_WARN_UNUSED_VARIABLE = YES;
				IPHONEOS_DEPLOYMENT_TARGET = 15.5;
				MTL_ENABLE_DEBUG_INFO = NO;
				MTL_FAST_MATH = YES;
				SDKROOT = iphoneos;
				SWIFT_COMPILATION_MODE = wholemodule;
				SWIFT_OPTIMIZATION_LEVEL = "-O";
				VALIDATE_PRODUCT = YES;
			};
			name = Release;
		};
		C614CEA528C96B7D008C5060 /* Debug */ = {
			isa = XCBuildConfiguration;
			buildSettings = {
				ASSETCATALOG_COMPILER_APPICON_NAME = AppIcon;
				ASSETCATALOG_COMPILER_GLOBAL_ACCENT_COLOR_NAME = AccentColor;
				CODE_SIGN_STYLE = Automatic;
				CURRENT_PROJECT_VERSION = 1;
				GENERATE_INFOPLIST_FILE = YES;
				INFOPLIST_FILE = ContesAp/Info.plist;
				INFOPLIST_KEY_UIApplicationSupportsIndirectInputEvents = YES;
				INFOPLIST_KEY_UILaunchStoryboardName = LaunchScreen;
				INFOPLIST_KEY_UIMainStoryboardFile = Main;
				INFOPLIST_KEY_UISupportedInterfaceOrientations_iPad = "UIInterfaceOrientationPortrait UIInterfaceOrientationPortraitUpsideDown UIInterfaceOrientationLandscapeLeft UIInterfaceOrientationLandscapeRight";
				INFOPLIST_KEY_UISupportedInterfaceOrientations_iPhone = "UIInterfaceOrientationPortrait UIInterfaceOrientationLandscapeLeft UIInterfaceOrientationLandscapeRight";
				LD_RUNPATH_SEARCH_PATHS = (
					"$(inherited)",
					"@executable_path/Frameworks",
				);
				MARKETING_VERSION = 1.0;
				PRODUCT_BUNDLE_IDENTIFIER = com.example.ContesAp;
				PRODUCT_NAME = "$(TARGET_NAME)";
				SWIFT_EMIT_LOC_STRINGS = YES;
				SWIFT_VERSION = 5.0;
				TARGETED_DEVICE_FAMILY = "1,2";
			};
			name = Debug;
		};
		C614CEA628C96B7D008C5060 /* Release */ = {
			isa = XCBuildConfiguration;
			buildSettings = {
				ASSETCATALOG_COMPILER_APPICON_NAME = AppIcon;
				ASSETCATALOG_COMPILER_GLOBAL_ACCENT_COLOR_NAME = AccentColor;
				CODE_SIGN_STYLE = Automatic;
				CURRENT_PROJECT_VERSION = 1;
				GENERATE_INFOPLIST_FILE = YES;
				INFOPLIST_FILE = ContesAp/Info.plist;
				INFOPLIST_KEY_UIApplicationSupportsIndirectInputEvents = YES;
				INFOPLIST_KEY_UILaunchStoryboardName = LaunchScreen;
				INFOPLIST_KEY_UIMainStoryboardFile = Main;
				INFOPLIST_KEY_UISupportedInterfaceOrientations_iPad = "UIInterfaceOrientationPortrait UIInterfaceOrientationPortraitUpsideDown UIInterfaceOrientationLandscapeLeft UIInterfaceOrientationLandscapeRight";
				INFOPLIST_KEY_UISupportedInterfaceOrientations_iPhone = "UIInterfaceOrientationPortrait UIInterfaceOrientationLandscapeLeft UIInterfaceOrientationLandscapeRight";
				LD_RUNPATH_SEARCH_PATHS = (
					"$(inherited)",
					"@executable_path/Frameworks",
				);
				MARKETING_VERSION = 1.0;
				PRODUCT_BUNDLE_IDENTIFIER = com.example.ContesAp;
				PRODUCT_NAME = "$(TARGET_NAME)";
				SWIFT_EMIT_LOC_STRINGS = YES;
				SWIFT_VERSION = 5.0;
				TARGETED_DEVICE_FAMILY = "1,2";
			};
			name = Release;
		};
/* End XCBuildConfiguration section */

/* Begin XCConfigurationList section */
		C614CE8B28C96B7A008C5060 /* Build configuration list for PBXProject "ContesAp" */ = {
			isa = XCConfigurationList;
			buildConfigurations = (
				C614CEA228C96B7D008C5060 /* Debug */,
				C614CEA328C96B7D008C5060 /* Release */,
			);
			defaultConfigurationIsVisible = 0;
			defaultConfigurationName = Release;
		};
		C614CEA428C96B7D008C5060 /* Build configuration list for PBXNativeTarget "ContesAp" */ = {
			isa = XCConfigurationList;
			buildConfigurations = (
				C614CEA528C96B7D008C5060 /* Debug */,
				C614CEA628C96B7D008C5060 /* Release */,
			);
			defaultConfigurationIsVisible = 0;
			defaultConfigurationName = Release;
		};
/* End XCConfigurationList section */

/* Begin XCRemoteSwiftPackageReference section */
		C69C0B7B28C9881700B232FD /* XCRemoteSwiftPackageReference "firebase-ios-sdk" */ = {
			isa = XCRemoteSwiftPackageReference;
			repositoryURL = "https://github.com/firebase/firebase-ios-sdk";
			requirement = {
				kind = upToNextMajorVersion;
				minimumVersion = 9.0.0;
			};
		};
/* End XCRemoteSwiftPackageReference section */

/* Begin XCSwiftPackageProductDependency section */
		C69C0B7C28C9881700B232FD /* FirebaseAuth */ = {
			isa = XCSwiftPackageProductDependency;
			package = C69C0B7B28C9881700B232FD /* XCRemoteSwiftPackageReference "firebase-ios-sdk" */;
			productName = FirebaseAuth;
		};
		C69C0B7E28C9881700B232FD /* FirebaseDatabase */ = {
			isa = XCSwiftPackageProductDependency;
			package = C69C0B7B28C9881700B232FD /* XCRemoteSwiftPackageReference "firebase-ios-sdk" */;
			productName = FirebaseDatabase;
		};
		C69C0B8028C9881700B232FD /* FirebaseFirestore */ = {
			isa = XCSwiftPackageProductDependency;
			package = C69C0B7B28C9881700B232FD /* XCRemoteSwiftPackageReference "firebase-ios-sdk" */;
			productName = FirebaseFirestore;
		};
		C69C0B8228C9881700B232FD /* FirebaseStorage */ = {
			isa = XCSwiftPackageProductDependency;
			package = C69C0B7B28C9881700B232FD /* XCRemoteSwiftPackageReference "firebase-ios-sdk" */;
			productName = FirebaseStorage;
		};
/* End XCSwiftPackageProductDependency section */
	};
	rootObject = C614CE8828C96B7A008C5060 /* Project object */;
}
