// !$*UTF8*$!
{
	archiveVersion = 1;
	classes = {
	};
	objectVersion = 55;
	objects = {

/* Begin PBXBuildFile section */
		3E26C8D628C9567F00565301 /* AddContactViewController.swift in Sources */ = {isa = PBXBuildFile; fileRef = 3E26C8D528C9567F00565301 /* AddContactViewController.swift */; };
		3E49329428C8CF0200D82618 /* AppDelegate.swift in Sources */ = {isa = PBXBuildFile; fileRef = 3E49329328C8CF0200D82618 /* AppDelegate.swift */; };
		3E49329628C8CF0200D82618 /* SceneDelegate.swift in Sources */ = {isa = PBXBuildFile; fileRef = 3E49329528C8CF0200D82618 /* SceneDelegate.swift */; };
		3E49329828C8CF0200D82618 /* ViewController.swift in Sources */ = {isa = PBXBuildFile; fileRef = 3E49329728C8CF0200D82618 /* ViewController.swift */; };
		3E49329B28C8CF0200D82618 /* Main.storyboard in Resources */ = {isa = PBXBuildFile; fileRef = 3E49329928C8CF0200D82618 /* Main.storyboard */; };
		3E49329D28C8CF0600D82618 /* Assets.xcassets in Resources */ = {isa = PBXBuildFile; fileRef = 3E49329C28C8CF0600D82618 /* Assets.xcassets */; };
		3E4932A028C8CF0600D82618 /* LaunchScreen.storyboard in Resources */ = {isa = PBXBuildFile; fileRef = 3E49329E28C8CF0600D82618 /* LaunchScreen.storyboard */; };
		3E4932A928C8CFD800D82618 /* FirebaseAuth in Frameworks */ = {isa = PBXBuildFile; productRef = 3E4932A828C8CFD800D82618 /* FirebaseAuth */; };
		3E4932AB28C8CFD800D82618 /* FirebaseDatabase in Frameworks */ = {isa = PBXBuildFile; productRef = 3E4932AA28C8CFD800D82618 /* FirebaseDatabase */; };
		3E4932AD28C8CFD800D82618 /* FirebaseFirestore in Frameworks */ = {isa = PBXBuildFile; productRef = 3E4932AC28C8CFD800D82618 /* FirebaseFirestore */; };
		3E4932B128C8D16400D82618 /* GoogleService-Info.plist in Resources */ = {isa = PBXBuildFile; fileRef = 3E4932B028C8D16400D82618 /* GoogleService-Info.plist */; };
		3E4932B328C8D2B600D82618 /* ContactsViewController.swift in Sources */ = {isa = PBXBuildFile; fileRef = 3E4932B228C8D2B600D82618 /* ContactsViewController.swift */; };
		3E4932B628C8D31C00D82618 /* CustomTableViewCell.swift in Sources */ = {isa = PBXBuildFile; fileRef = 3E4932B428C8D31C00D82618 /* CustomTableViewCell.swift */; };
		3E4932B728C8D31C00D82618 /* CustomTableViewCell.xib in Resources */ = {isa = PBXBuildFile; fileRef = 3E4932B528C8D31C00D82618 /* CustomTableViewCell.xib */; };
		3E4932B928C8DA1300D82618 /* Conact.swift in Sources */ = {isa = PBXBuildFile; fileRef = 3E4932B828C8DA1300D82618 /* Conact.swift */; };
		3E4932BB28C8E22000D82618 /* ContactDetailsViewController.swift in Sources */ = {isa = PBXBuildFile; fileRef = 3E4932BA28C8E22000D82618 /* ContactDetailsViewController.swift */; };
/* End PBXBuildFile section */

/* Begin PBXFileReference section */
		3E26C8D528C9567F00565301 /* AddContactViewController.swift */ = {isa = PBXFileReference; lastKnownFileType = sourcecode.swift; path = AddContactViewController.swift; sourceTree = "<group>"; };
		3E49329028C8CF0200D82618 /* Contacts.app */ = {isa = PBXFileReference; explicitFileType = wrapper.application; includeInIndex = 0; path = Contacts.app; sourceTree = BUILT_PRODUCTS_DIR; };
		3E49329328C8CF0200D82618 /* AppDelegate.swift */ = {isa = PBXFileReference; lastKnownFileType = sourcecode.swift; path = AppDelegate.swift; sourceTree = "<group>"; };
		3E49329528C8CF0200D82618 /* SceneDelegate.swift */ = {isa = PBXFileReference; lastKnownFileType = sourcecode.swift; path = SceneDelegate.swift; sourceTree = "<group>"; };
		3E49329728C8CF0200D82618 /* ViewController.swift */ = {isa = PBXFileReference; lastKnownFileType = sourcecode.swift; path = ViewController.swift; sourceTree = "<group>"; };
		3E49329A28C8CF0200D82618 /* Base */ = {isa = PBXFileReference; lastKnownFileType = file.storyboard; name = Base; path = Base.lproj/Main.storyboard; sourceTree = "<group>"; };
		3E49329C28C8CF0600D82618 /* Assets.xcassets */ = {isa = PBXFileReference; lastKnownFileType = folder.assetcatalog; path = Assets.xcassets; sourceTree = "<group>"; };
		3E49329F28C8CF0600D82618 /* Base */ = {isa = PBXFileReference; lastKnownFileType = file.storyboard; name = Base; path = Base.lproj/LaunchScreen.storyboard; sourceTree = "<group>"; };
		3E4932A128C8CF0600D82618 /* Info.plist */ = {isa = PBXFileReference; lastKnownFileType = text.plist.xml; path = Info.plist; sourceTree = "<group>"; };
		3E4932B028C8D16400D82618 /* GoogleService-Info.plist */ = {isa = PBXFileReference; fileEncoding = 4; lastKnownFileType = text.plist.xml; path = "GoogleService-Info.plist"; sourceTree = "<group>"; };
		3E4932B228C8D2B600D82618 /* ContactsViewController.swift */ = {isa = PBXFileReference; lastKnownFileType = sourcecode.swift; path = ContactsViewController.swift; sourceTree = "<group>"; };
		3E4932B428C8D31C00D82618 /* CustomTableViewCell.swift */ = {isa = PBXFileReference; lastKnownFileType = sourcecode.swift; path = CustomTableViewCell.swift; sourceTree = "<group>"; };
		3E4932B528C8D31C00D82618 /* CustomTableViewCell.xib */ = {isa = PBXFileReference; lastKnownFileType = file.xib; path = CustomTableViewCell.xib; sourceTree = "<group>"; };
		3E4932B828C8DA1300D82618 /* Conact.swift */ = {isa = PBXFileReference; lastKnownFileType = sourcecode.swift; path = Conact.swift; sourceTree = "<group>"; };
		3E4932BA28C8E22000D82618 /* ContactDetailsViewController.swift */ = {isa = PBXFileReference; lastKnownFileType = sourcecode.swift; path = ContactDetailsViewController.swift; sourceTree = "<group>"; };
/* End PBXFileReference section */

/* Begin PBXFrameworksBuildPhase section */
		3E49328D28C8CF0200D82618 /* Frameworks */ = {
			isa = PBXFrameworksBuildPhase;
			buildActionMask = 2147483647;
			files = (
				3E4932AB28C8CFD800D82618 /* FirebaseDatabase in Frameworks */,
				3E4932A928C8CFD800D82618 /* FirebaseAuth in Frameworks */,
				3E4932AD28C8CFD800D82618 /* FirebaseFirestore in Frameworks */,
			);
			runOnlyForDeploymentPostprocessing = 0;
		};
/* End PBXFrameworksBuildPhase section */

/* Begin PBXGroup section */
		3E49328728C8CF0100D82618 = {
			isa = PBXGroup;
			children = (
				3E49329228C8CF0200D82618 /* Contacts */,
				3E49329128C8CF0200D82618 /* Products */,
			);
			sourceTree = "<group>";
		};
		3E49329128C8CF0200D82618 /* Products */ = {
			isa = PBXGroup;
			children = (
				3E49329028C8CF0200D82618 /* Contacts.app */,
			);
			name = Products;
			sourceTree = "<group>";
		};
		3E49329228C8CF0200D82618 /* Contacts */ = {
			isa = PBXGroup;
			children = (
				3E49329328C8CF0200D82618 /* AppDelegate.swift */,
				3E49329528C8CF0200D82618 /* SceneDelegate.swift */,
				3E49329728C8CF0200D82618 /* ViewController.swift */,
				3E49329928C8CF0200D82618 /* Main.storyboard */,
				3E49329C28C8CF0600D82618 /* Assets.xcassets */,
				3E49329E28C8CF0600D82618 /* LaunchScreen.storyboard */,
				3E4932B028C8D16400D82618 /* GoogleService-Info.plist */,
				3E4932A128C8CF0600D82618 /* Info.plist */,
				3E4932B228C8D2B600D82618 /* ContactsViewController.swift */,
				3E4932B428C8D31C00D82618 /* CustomTableViewCell.swift */,
				3E4932B528C8D31C00D82618 /* CustomTableViewCell.xib */,
				3E4932B828C8DA1300D82618 /* Conact.swift */,
				3E4932BA28C8E22000D82618 /* ContactDetailsViewController.swift */,
				3E26C8D528C9567F00565301 /* AddContactViewController.swift */,
			);
			path = Contacts;
			sourceTree = "<group>";
		};
/* End PBXGroup section */

/* Begin PBXNativeTarget section */
		3E49328F28C8CF0200D82618 /* Contacts */ = {
			isa = PBXNativeTarget;
			buildConfigurationList = 3E4932A428C8CF0600D82618 /* Build configuration list for PBXNativeTarget "Contacts" */;
			buildPhases = (
				3E49328C28C8CF0200D82618 /* Sources */,
				3E49328D28C8CF0200D82618 /* Frameworks */,
				3E49328E28C8CF0200D82618 /* Resources */,
			);
			buildRules = (
			);
			dependencies = (
			);
			name = Contacts;
			packageProductDependencies = (
				3E4932A828C8CFD800D82618 /* FirebaseAuth */,
				3E4932AA28C8CFD800D82618 /* FirebaseDatabase */,
				3E4932AC28C8CFD800D82618 /* FirebaseFirestore */,
			);
			productName = Contacts;
			productReference = 3E49329028C8CF0200D82618 /* Contacts.app */;
			productType = "com.apple.product-type.application";
		};
/* End PBXNativeTarget section */

/* Begin PBXProject section */
		3E49328828C8CF0100D82618 /* Project object */ = {
			isa = PBXProject;
			attributes = {
				BuildIndependentTargetsInParallel = 1;
				LastSwiftUpdateCheck = 1340;
				LastUpgradeCheck = 1340;
				TargetAttributes = {
					3E49328F28C8CF0200D82618 = {
						CreatedOnToolsVersion = 13.4.1;
					};
				};
			};
			buildConfigurationList = 3E49328B28C8CF0100D82618 /* Build configuration list for PBXProject "Contacts" */;
			compatibilityVersion = "Xcode 13.0";
			developmentRegion = en;
			hasScannedForEncodings = 0;
			knownRegions = (
				en,
				Base,
			);
			mainGroup = 3E49328728C8CF0100D82618;
			packageReferences = (
				3E4932A728C8CFD800D82618 /* XCRemoteSwiftPackageReference "firebase-ios-sdk" */,
			);
			productRefGroup = 3E49329128C8CF0200D82618 /* Products */;
			projectDirPath = "";
			projectRoot = "";
			targets = (
				3E49328F28C8CF0200D82618 /* Contacts */,
			);
		};
/* End PBXProject section */

/* Begin PBXResourcesBuildPhase section */
		3E49328E28C8CF0200D82618 /* Resources */ = {
			isa = PBXResourcesBuildPhase;
			buildActionMask = 2147483647;
			files = (
				3E4932A028C8CF0600D82618 /* LaunchScreen.storyboard in Resources */,
				3E4932B128C8D16400D82618 /* GoogleService-Info.plist in Resources */,
				3E49329D28C8CF0600D82618 /* Assets.xcassets in Resources */,
				3E4932B728C8D31C00D82618 /* CustomTableViewCell.xib in Resources */,
				3E49329B28C8CF0200D82618 /* Main.storyboard in Resources */,
			);
			runOnlyForDeploymentPostprocessing = 0;
		};
/* End PBXResourcesBuildPhase section */

/* Begin PBXSourcesBuildPhase section */
		3E49328C28C8CF0200D82618 /* Sources */ = {
			isa = PBXSourcesBuildPhase;
			buildActionMask = 2147483647;
			files = (
				3E49329828C8CF0200D82618 /* ViewController.swift in Sources */,
				3E4932BB28C8E22000D82618 /* ContactDetailsViewController.swift in Sources */,
				3E4932B628C8D31C00D82618 /* CustomTableViewCell.swift in Sources */,
				3E4932B328C8D2B600D82618 /* ContactsViewController.swift in Sources */,
				3E49329428C8CF0200D82618 /* AppDelegate.swift in Sources */,
				3E26C8D628C9567F00565301 /* AddContactViewController.swift in Sources */,
				3E49329628C8CF0200D82618 /* SceneDelegate.swift in Sources */,
				3E4932B928C8DA1300D82618 /* Conact.swift in Sources */,
			);
			runOnlyForDeploymentPostprocessing = 0;
		};
/* End PBXSourcesBuildPhase section */

/* Begin PBXVariantGroup section */
		3E49329928C8CF0200D82618 /* Main.storyboard */ = {
			isa = PBXVariantGroup;
			children = (
				3E49329A28C8CF0200D82618 /* Base */,
			);
			name = Main.storyboard;
			sourceTree = "<group>";
		};
		3E49329E28C8CF0600D82618 /* LaunchScreen.storyboard */ = {
			isa = PBXVariantGroup;
			children = (
				3E49329F28C8CF0600D82618 /* Base */,
			);
			name = LaunchScreen.storyboard;
			sourceTree = "<group>";
		};
/* End PBXVariantGroup section */

/* Begin XCBuildConfiguration section */
		3E4932A228C8CF0600D82618 /* Debug */ = {
			isa = XCBuildConfiguration;
			buildSettings = {
				ALWAYS_SEARCH_USER_PATHS = NO;
				CLANG_ANALYZER_NONNULL = YES;
				CLANG_ANALYZER_NUMBER_OBJECT_CONVERSION = YES_AGGRESSIVE;
				CLANG_CXX_LANGUAGE_STANDARD = "gnu++17";
				CLANG_ENABLE_MODULES = YES;
				CLANG_ENABLE_OBJC_ARC = YES;
				CLANG_ENABLE_OBJC_WEAK = YES;
				CLANG_WARN_BLOCK_CAPTURE_AUTORELEASING = YES;
				CLANG_WARN_BOOL_CONVERSION = YES;
				CLANG_WARN_COMMA = YES;
				CLANG_WARN_CONSTANT_CONVERSION = YES;
				CLANG_WARN_DEPRECATED_OBJC_IMPLEMENTATIONS = YES;
				CLANG_WARN_DIRECT_OBJC_ISA_USAGE = YES_ERROR;
				CLANG_WARN_DOCUMENTATION_COMMENTS = YES;
				CLANG_WARN_EMPTY_BODY = YES;
				CLANG_WARN_ENUM_CONVERSION = YES;
				CLANG_WARN_INFINITE_RECURSION = YES;
				CLANG_WARN_INT_CONVERSION = YES;
				CLANG_WARN_NON_LITERAL_NULL_CONVERSION = YES;
				CLANG_WARN_OBJC_IMPLICIT_RETAIN_SELF = YES;
				CLANG_WARN_OBJC_LITERAL_CONVERSION = YES;
				CLANG_WARN_OBJC_ROOT_CLASS = YES_ERROR;
				CLANG_WARN_QUOTED_INCLUDE_IN_FRAMEWORK_HEADER = YES;
				CLANG_WARN_RANGE_LOOP_ANALYSIS = YES;
				CLANG_WARN_STRICT_PROTOTYPES = YES;
				CLANG_WARN_SUSPICIOUS_MOVE = YES;
				CLANG_WARN_UNGUARDED_AVAILABILITY = YES_AGGRESSIVE;
				CLANG_WARN_UNREACHABLE_CODE = YES;
				CLANG_WARN__DUPLICATE_METHOD_MATCH = YES;
				COPY_PHASE_STRIP = NO;
				DEBUG_INFORMATION_FORMAT = dwarf;
				ENABLE_STRICT_OBJC_MSGSEND = YES;
				ENABLE_TESTABILITY = YES;
				GCC_C_LANGUAGE_STANDARD = gnu11;
				GCC_DYNAMIC_NO_PIC = NO;
				GCC_NO_COMMON_BLOCKS = YES;
				GCC_OPTIMIZATION_LEVEL = 0;
				GCC_PREPROCESSOR_DEFINITIONS = (
					"DEBUG=1",
					"$(inherited)",
				);
				GCC_WARN_64_TO_32_BIT_CONVERSION = YES;
				GCC_WARN_ABOUT_RETURN_TYPE = YES_ERROR;
				GCC_WARN_UNDECLARED_SELECTOR = YES;
				GCC_WARN_UNINITIALIZED_AUTOS = YES_AGGRESSIVE;
				GCC_WARN_UNUSED_FUNCTION = YES;
				GCC_WARN_UNUSED_VARIABLE = YES;
				IPHONEOS_DEPLOYMENT_TARGET = 15.5;
				MTL_ENABLE_DEBUG_INFO = INCLUDE_SOURCE;
				MTL_FAST_MATH = YES;
				ONLY_ACTIVE_ARCH = YES;
				SDKROOT = iphoneos;
				SWIFT_ACTIVE_COMPILATION_CONDITIONS = DEBUG;
				SWIFT_OPTIMIZATION_LEVEL = "-Onone";
			};
			name = Debug;
		};
		3E4932A328C8CF0600D82618 /* Release */ = {
			isa = XCBuildConfiguration;
			buildSettings = {
				ALWAYS_SEARCH_USER_PATHS = NO;
				CLANG_ANALYZER_NONNULL = YES;
				CLANG_ANALYZER_NUMBER_OBJECT_CONVERSION = YES_AGGRESSIVE;
				CLANG_CXX_LANGUAGE_STANDARD = "gnu++17";
				CLANG_ENABLE_MODULES = YES;
				CLANG_ENABLE_OBJC_ARC = YES;
				CLANG_ENABLE_OBJC_WEAK = YES;
				CLANG_WARN_BLOCK_CAPTURE_AUTORELEASING = YES;
				CLANG_WARN_BOOL_CONVERSION = YES;
				CLANG_WARN_COMMA = YES;
				CLANG_WARN_CONSTANT_CONVERSION = YES;
				CLANG_WARN_DEPRECATED_OBJC_IMPLEMENTATIONS = YES;
				CLANG_WARN_DIRECT_OBJC_ISA_USAGE = YES_ERROR;
				CLANG_WARN_DOCUMENTATION_COMMENTS = YES;
				CLANG_WARN_EMPTY_BODY = YES;
				CLANG_WARN_ENUM_CONVERSION = YES;
				CLANG_WARN_INFINITE_RECURSION = YES;
				CLANG_WARN_INT_CONVERSION = YES;
				CLANG_WARN_NON_LITERAL_NULL_CONVERSION = YES;
				CLANG_WARN_OBJC_IMPLICIT_RETAIN_SELF = YES;
				CLANG_WARN_OBJC_LITERAL_CONVERSION = YES;
				CLANG_WARN_OBJC_ROOT_CLASS = YES_ERROR;
				CLANG_WARN_QUOTED_INCLUDE_IN_FRAMEWORK_HEADER = YES;
				CLANG_WARN_RANGE_LOOP_ANALYSIS = YES;
				CLANG_WARN_STRICT_PROTOTYPES = YES;
				CLANG_WARN_SUSPICIOUS_MOVE = YES;
				CLANG_WARN_UNGUARDED_AVAILABILITY = YES_AGGRESSIVE;
				CLANG_WARN_UNREACHABLE_CODE = YES;
				CLANG_WARN__DUPLICATE_METHOD_MATCH = YES;
				COPY_PHASE_STRIP = NO;
				DEBUG_INFORMATION_FORMAT = "dwarf-with-dsym";
				ENABLE_NS_ASSERTIONS = NO;
				ENABLE_STRICT_OBJC_MSGSEND = YES;
				GCC_C_LANGUAGE_STANDARD = gnu11;
				GCC_NO_COMMON_BLOCKS = YES;
				GCC_WARN_64_TO_32_BIT_CONVERSION = YES;
				GCC_WARN_ABOUT_RETURN_TYPE = YES_ERROR;
				GCC_WARN_UNDECLARED_SELECTOR = YES;
				GCC_WARN_UNINITIALIZED_AUTOS = YES_AGGRESSIVE;
				GCC_WARN_UNUSED_FUNCTION = YES;
				GCC_WARN_UNUSED_VARIABLE = YES;
				IPHONEOS_DEPLOYMENT_TARGET = 15.5;
				MTL_ENABLE_DEBUG_INFO = NO;
				MTL_FAST_MATH = YES;
				SDKROOT = iphoneos;
				SWIFT_COMPILATION_MODE = wholemodule;
				SWIFT_OPTIMIZATION_LEVEL = "-O";
				VALIDATE_PRODUCT = YES;
			};
			name = Release;
		};
		3E4932A528C8CF0600D82618 /* Debug */ = {
			isa = XCBuildConfiguration;
			buildSettings = {
				ASSETCATALOG_COMPILER_APPICON_NAME = AppIcon;
				ASSETCATALOG_COMPILER_GLOBAL_ACCENT_COLOR_NAME = AccentColor;
				CODE_SIGN_STYLE = Automatic;
				CURRENT_PROJECT_VERSION = 1;
				GENERATE_INFOPLIST_FILE = YES;
				INFOPLIST_FILE = Contacts/Info.plist;
				INFOPLIST_KEY_UIApplicationSupportsIndirectInputEvents = YES;
				INFOPLIST_KEY_UILaunchStoryboardName = LaunchScreen;
				INFOPLIST_KEY_UIMainStoryboardFile = Main;
				INFOPLIST_KEY_UISupportedInterfaceOrientations_iPad = "UIInterfaceOrientationPortrait UIInterfaceOrientationPortraitUpsideDown UIInterfaceOrientationLandscapeLeft UIInterfaceOrientationLandscapeRight";
				INFOPLIST_KEY_UISupportedInterfaceOrientations_iPhone = "UIInterfaceOrientationPortrait UIInterfaceOrientationLandscapeLeft UIInterfaceOrientationLandscapeRight";
				LD_RUNPATH_SEARCH_PATHS = (
					"$(inherited)",
					"@executable_path/Frameworks",
				);
				MARKETING_VERSION = 1.0;
				PRODUCT_BUNDLE_IDENTIFIER = com.Nosaibah.Contacts;
				PRODUCT_NAME = "$(TARGET_NAME)";
				SWIFT_EMIT_LOC_STRINGS = YES;
				SWIFT_VERSION = 5.0;
				TARGETED_DEVICE_FAMILY = "1,2";
			};
			name = Debug;
		};
		3E4932A628C8CF0600D82618 /* Release */ = {
			isa = XCBuildConfiguration;
			buildSettings = {
				ASSETCATALOG_COMPILER_APPICON_NAME = AppIcon;
				ASSETCATALOG_COMPILER_GLOBAL_ACCENT_COLOR_NAME = AccentColor;
				CODE_SIGN_STYLE = Automatic;
				CURRENT_PROJECT_VERSION = 1;
				GENERATE_INFOPLIST_FILE = YES;
				INFOPLIST_FILE = Contacts/Info.plist;
				INFOPLIST_KEY_UIApplicationSupportsIndirectInputEvents = YES;
				INFOPLIST_KEY_UILaunchStoryboardName = LaunchScreen;
				INFOPLIST_KEY_UIMainStoryboardFile = Main;
				INFOPLIST_KEY_UISupportedInterfaceOrientations_iPad = "UIInterfaceOrientationPortrait UIInterfaceOrientationPortraitUpsideDown UIInterfaceOrientationLandscapeLeft UIInterfaceOrientationLandscapeRight";
				INFOPLIST_KEY_UISupportedInterfaceOrientations_iPhone = "UIInterfaceOrientationPortrait UIInterfaceOrientationLandscapeLeft UIInterfaceOrientationLandscapeRight";
				LD_RUNPATH_SEARCH_PATHS = (
					"$(inherited)",
					"@executable_path/Frameworks",
				);
				MARKETING_VERSION = 1.0;
				PRODUCT_BUNDLE_IDENTIFIER = com.Nosaibah.Contacts;
				PRODUCT_NAME = "$(TARGET_NAME)";
				SWIFT_EMIT_LOC_STRINGS = YES;
				SWIFT_VERSION = 5.0;
				TARGETED_DEVICE_FAMILY = "1,2";
			};
			name = Release;
		};
/* End XCBuildConfiguration section */

/* Begin XCConfigurationList section */
		3E49328B28C8CF0100D82618 /* Build configuration list for PBXProject "Contacts" */ = {
			isa = XCConfigurationList;
			buildConfigurations = (
				3E4932A228C8CF0600D82618 /* Debug */,
				3E4932A328C8CF0600D82618 /* Release */,
			);
			defaultConfigurationIsVisible = 0;
			defaultConfigurationName = Release;
		};
		3E4932A428C8CF0600D82618 /* Build configuration list for PBXNativeTarget "Contacts" */ = {
			isa = XCConfigurationList;
			buildConfigurations = (
				3E4932A528C8CF0600D82618 /* Debug */,
				3E4932A628C8CF0600D82618 /* Release */,
			);
			defaultConfigurationIsVisible = 0;
			defaultConfigurationName = Release;
		};
/* End XCConfigurationList section */

/* Begin XCRemoteSwiftPackageReference section */
		3E4932A728C8CFD800D82618 /* XCRemoteSwiftPackageReference "firebase-ios-sdk" */ = {
			isa = XCRemoteSwiftPackageReference;
			repositoryURL = "https://github.com/firebase/firebase-ios-sdk";
			requirement = {
				kind = upToNextMajorVersion;
				minimumVersion = 9.0.0;
			};
		};
/* End XCRemoteSwiftPackageReference section */

/* Begin XCSwiftPackageProductDependency section */
		3E4932A828C8CFD800D82618 /* FirebaseAuth */ = {
			isa = XCSwiftPackageProductDependency;
			package = 3E4932A728C8CFD800D82618 /* XCRemoteSwiftPackageReference "firebase-ios-sdk" */;
			productName = FirebaseAuth;
		};
		3E4932AA28C8CFD800D82618 /* FirebaseDatabase */ = {
			isa = XCSwiftPackageProductDependency;
			package = 3E4932A728C8CFD800D82618 /* XCRemoteSwiftPackageReference "firebase-ios-sdk" */;
			productName = FirebaseDatabase;
		};
		3E4932AC28C8CFD800D82618 /* FirebaseFirestore */ = {
			isa = XCSwiftPackageProductDependency;
			package = 3E4932A728C8CFD800D82618 /* XCRemoteSwiftPackageReference "firebase-ios-sdk" */;
			productName = FirebaseFirestore;
		};
/* End XCSwiftPackageProductDependency section */
	};
	rootObject = 3E49328828C8CF0100D82618 /* Project object */;
}
